
Microsoft Visual Studio Solution File, Format Version 12.00
# Visual Studio Version 16
VisualStudioVersion = 16.0.31702.278
MinimumVisualStudioVersion = 10.0.40219.1
Project("{00D1A9C2-B5F0-4AF3-8072-F6C62B433612}") = "test", "test\test.sqlproj", "{AC8577CD-D176-4811-A43B-69D6EA809B34}"
EndProject
Global
	GlobalSection(SolutionConfigurationPlatforms) = preSolution
		Debug|Any CPU = Debug|Any CPU
		Release|Any CPU = Release|Any CPU
	EndGlobalSection
	GlobalSection(ProjectConfigurationPlatforms) = postSolution
		{AC8577CD-D176-4811-A43B-69D6EA809B34}.Debug|Any CPU.ActiveCfg = Debug|Any CPU
		{AC8577CD-D176-4811-A43B-69D6EA809B34}.Debug|Any CPU.Build.0 = Debug|Any CPU
		{AC8577CD-D176-4811-A43B-69D6EA809B34}.Debug|Any CPU.Deploy.0 = Debug|Any CPU
		{AC8577CD-D176-4811-A43B-69D6EA809B34}.Release|Any CPU.ActiveCfg = Release|Any CPU
		{AC8577CD-D176-4811-A43B-69D6EA809B34}.Release|Any CPU.Build.0 = Release|Any CPU
		{AC8577CD-D176-4811-A43B-69D6EA809B34}.Release|Any CPU.Deploy.0 = Release|Any CPU
	EndGlobalSection
	GlobalSection(SolutionProperties) = preSolution
		HideSolutionNode = FALSE
	EndGlobalSection
	GlobalSection(ExtensibilityGlobals) = postSolution
		SolutionGuid = {7963053D-95C4-4B66-B85F-105D5E1ED695}
	EndGlobalSection
EndGlobal
